
Microsoft Visual Studio Solution File, Format Version 12.00
# Visual Studio 2012
Project("{2150E333-8FDC-42A3-9474-1A3956D46DE8}") = "技术点的解决", "技术点的解决", "{4BA18F6F-F4DA-4297-8299-9CDC024E5349}"
EndProject
Project("{2150E333-8FDC-42A3-9474-1A3956D46DE8}") = "聊天服务", "聊天服务", "{2AC50598-D7F8-499E-B583-11BF4109CEAE}"
EndProject
Project("{FAE04EC0-301F-11D3-BF4B-00C04F79EFBC}") = "Chat.Lib", "Chat.Lib\Chat.Lib.csproj", "{C67B23AE-941F-433E-8495-58F6F87F13A4}"
EndProject
Project("{FAE04EC0-301F-11D3-BF4B-00C04F79EFBC}") = "ChatManager", "ChatManager\ChatManager.csproj", "{EE598485-2F10-4204-98C7-8E77BBDC6E8F}"
EndProject
Project("{FAE04EC0-301F-11D3-BF4B-00C04F79EFBC}") = "Chat.Model", "Chat.Model\Chat.Model.csproj", "{FB2113A6-D05B-4EE7-87FF-0AD65EAC3C84}"
EndProject
Project("{FAE04EC0-301F-11D3-BF4B-00C04F79EFBC}") = "高效批量插入数据", "高效批量插入数据\高效批量插入数据.csproj", "{4D687AE2-121D-4811-9A3A-A956D2F128A6}"
EndProject
Project("{FAE04EC0-301F-11D3-BF4B-00C04F79EFBC}") = "Queue队列泛型类的演示", "Queue队列泛型类的演示\Queue队列泛型类的演示.csproj", "{7FF0C36F-083D-46BD-AF43-E3C921D07C5C}"
EndProject
Project("{FAE04EC0-301F-11D3-BF4B-00C04F79EFBC}") = "LogNet4日志处理组件", "LogNet4日志处理组件\LogNet4日志处理组件.csproj", "{67865B70-3131-43CF-AFD2-F7FB85026D07}"
EndProject
Project("{FAE04EC0-301F-11D3-BF4B-00C04F79EFBC}") = "Chat.Logger", "Chat.Logger\Chat.Logger.csproj", "{AFC12671-ECA2-4EE6-8D8C-2F00829CD649}"
EndProject
Global
	GlobalSection(SolutionConfigurationPlatforms) = preSolution
		Debug|Any CPU = Debug|Any CPU
		Release|Any CPU = Release|Any CPU
	EndGlobalSection
	GlobalSection(ProjectConfigurationPlatforms) = postSolution
		{C67B23AE-941F-433E-8495-58F6F87F13A4}.Debug|Any CPU.ActiveCfg = Debug|Any CPU
		{C67B23AE-941F-433E-8495-58F6F87F13A4}.Debug|Any CPU.Build.0 = Debug|Any CPU
		{C67B23AE-941F-433E-8495-58F6F87F13A4}.Release|Any CPU.ActiveCfg = Release|Any CPU
		{C67B23AE-941F-433E-8495-58F6F87F13A4}.Release|Any CPU.Build.0 = Release|Any CPU
		{EE598485-2F10-4204-98C7-8E77BBDC6E8F}.Debug|Any CPU.ActiveCfg = Debug|Any CPU
		{EE598485-2F10-4204-98C7-8E77BBDC6E8F}.Debug|Any CPU.Build.0 = Debug|Any CPU
		{EE598485-2F10-4204-98C7-8E77BBDC6E8F}.Release|Any CPU.ActiveCfg = Release|Any CPU
		{EE598485-2F10-4204-98C7-8E77BBDC6E8F}.Release|Any CPU.Build.0 = Release|Any CPU
		{FB2113A6-D05B-4EE7-87FF-0AD65EAC3C84}.Debug|Any CPU.ActiveCfg = Debug|Any CPU
		{FB2113A6-D05B-4EE7-87FF-0AD65EAC3C84}.Debug|Any CPU.Build.0 = Debug|Any CPU
		{FB2113A6-D05B-4EE7-87FF-0AD65EAC3C84}.Release|Any CPU.ActiveCfg = Release|Any CPU
		{FB2113A6-D05B-4EE7-87FF-0AD65EAC3C84}.Release|Any CPU.Build.0 = Release|Any CPU
		{4D687AE2-121D-4811-9A3A-A956D2F128A6}.Debug|Any CPU.ActiveCfg = Debug|Any CPU
		{4D687AE2-121D-4811-9A3A-A956D2F128A6}.Debug|Any CPU.Build.0 = Debug|Any CPU
		{4D687AE2-121D-4811-9A3A-A956D2F128A6}.Release|Any CPU.ActiveCfg = Release|Any CPU
		{4D687AE2-121D-4811-9A3A-A956D2F128A6}.Release|Any CPU.Build.0 = Release|Any CPU
		{7FF0C36F-083D-46BD-AF43-E3C921D07C5C}.Debug|Any CPU.ActiveCfg = Debug|Any CPU
		{7FF0C36F-083D-46BD-AF43-E3C921D07C5C}.Debug|Any CPU.Build.0 = Debug|Any CPU
		{7FF0C36F-083D-46BD-AF43-E3C921D07C5C}.Release|Any CPU.ActiveCfg = Release|Any CPU
		{7FF0C36F-083D-46BD-AF43-E3C921D07C5C}.Release|Any CPU.Build.0 = Release|Any CPU
		{67865B70-3131-43CF-AFD2-F7FB85026D07}.Debug|Any CPU.ActiveCfg = Debug|Any CPU
		{67865B70-3131-43CF-AFD2-F7FB85026D07}.Debug|Any CPU.Build.0 = Debug|Any CPU
		{67865B70-3131-43CF-AFD2-F7FB85026D07}.Release|Any CPU.ActiveCfg = Release|Any CPU
		{67865B70-3131-43CF-AFD2-F7FB85026D07}.Release|Any CPU.Build.0 = Release|Any CPU
		{AFC12671-ECA2-4EE6-8D8C-2F00829CD649}.Debug|Any CPU.ActiveCfg = Debug|Any CPU
		{AFC12671-ECA2-4EE6-8D8C-2F00829CD649}.Debug|Any CPU.Build.0 = Debug|Any CPU
		{AFC12671-ECA2-4EE6-8D8C-2F00829CD649}.Release|Any CPU.ActiveCfg = Release|Any CPU
		{AFC12671-ECA2-4EE6-8D8C-2F00829CD649}.Release|Any CPU.Build.0 = Release|Any CPU
	EndGlobalSection
	GlobalSection(SolutionProperties) = preSolution
		HideSolutionNode = FALSE
	EndGlobalSection
	GlobalSection(NestedProjects) = preSolution
		{4D687AE2-121D-4811-9A3A-A956D2F128A6} = {4BA18F6F-F4DA-4297-8299-9CDC024E5349}
		{7FF0C36F-083D-46BD-AF43-E3C921D07C5C} = {4BA18F6F-F4DA-4297-8299-9CDC024E5349}
		{67865B70-3131-43CF-AFD2-F7FB85026D07} = {4BA18F6F-F4DA-4297-8299-9CDC024E5349}
		{C67B23AE-941F-433E-8495-58F6F87F13A4} = {2AC50598-D7F8-499E-B583-11BF4109CEAE}
		{EE598485-2F10-4204-98C7-8E77BBDC6E8F} = {2AC50598-D7F8-499E-B583-11BF4109CEAE}
		{FB2113A6-D05B-4EE7-87FF-0AD65EAC3C84} = {2AC50598-D7F8-499E-B583-11BF4109CEAE}
		{AFC12671-ECA2-4EE6-8D8C-2F00829CD649} = {2AC50598-D7F8-499E-B583-11BF4109CEAE}
	EndGlobalSection
EndGlobal
